PODS:
  - Alamofire (5.0.0-beta.7)
  - KeychainAccess (3.2.0)
  - Kingfisher (5.7.0)
  - MJRefresh (3.2.0)

DEPENDENCIES:
  - Alamofire (~> 5.0.0-beta.5)
  - KeychainAccess
  - Kingfisher
  - MJRefresh

SPEC REPOS:
  https://github.com/cocoapods/specs.git:
    - Alamofire
    - KeychainAccess
    - Kingfisher
    - MJRefresh

SPEC CHECKSUMS:
  Alamofire: bd07938ceecad59d2492aeecb1f785a8f2721160
  KeychainAccess: 3b1bf8a77eb4c6ea1ce9404c292e48f948954c6b
  Kingfisher: c7d211b54f1f30d8060aadab177d52b4349c825b
  MJRefresh: ed450d6eb9d3346a2cb033ab7eb6de090aeef437

PODFILE CHECKSUM: 242fd5f7eae4482ba3cefe8b91ffb25cc4054deb

COCOAPODS: 1.7.5
