// !$*UTF8*$!
{
	archiveVersion = 1;
	classes = {
	};
	objectVersion = 51;
	objects = {

/* Begin PBXBuildFile section */
		E486C31CC1755A3CABD14BCC /* Pods_MediumTest.framework in Frameworks */ = {isa = PBXBuildFile; fileRef = 6165BD22AB186AE821F10EAF /* Pods_MediumTest.framework */; };
		FC888234230FACFA008838AE /* SecondViewController.swift in Sources */ = {isa = PBXBuildFile; fileRef = FC888233230FACFA008838AE /* SecondViewController.swift */; };
		FC888236230FB3FF008838AE /* cell.swift in Sources */ = {isa = PBXBuildFile; fileRef = FC888235230FB3FF008838AE /* cell.swift */; };
		FC888238230FBE83008838AE /* HotList.swift in Sources */ = {isa = PBXBuildFile; fileRef = FC888237230FBE83008838AE /* HotList.swift */; };
		FC88823A230FCF00008838AE /* StorageManager.swift in Sources */ = {isa = PBXBuildFile; fileRef = FC888239230FCF00008838AE /* StorageManager.swift */; };
		FC88823D230FD0CD008838AE /* HotListData.xcdatamodeld in Sources */ = {isa = PBXBuildFile; fileRef = FC88823B230FD0CD008838AE /* HotListData.xcdatamodeld */; };
		FC9730FB230F763B00A0F75C /* AppDelegate.swift in Sources */ = {isa = PBXBuildFile; fileRef = FC9730FA230F763B00A0F75C /* AppDelegate.swift */; };
		FC9730FD230F763B00A0F75C /* ViewController.swift in Sources */ = {isa = PBXBuildFile; fileRef = FC9730FC230F763B00A0F75C /* ViewController.swift */; };
		FC973100230F763B00A0F75C /* Main.storyboard in Resources */ = {isa = PBXBuildFile; fileRef = FC9730FE230F763B00A0F75C /* Main.storyboard */; };
		FC973102230F763C00A0F75C /* Assets.xcassets in Resources */ = {isa = PBXBuildFile; fileRef = FC973101230F763C00A0F75C /* Assets.xcassets */; };
		FC973105230F763C00A0F75C /* LaunchScreen.storyboard in Resources */ = {isa = PBXBuildFile; fileRef = FC973103230F763C00A0F75C /* LaunchScreen.storyboard */; };
		FC97310D230F774D00A0F75C /* API.swift in Sources */ = {isa = PBXBuildFile; fileRef = FC97310C230F774D00A0F75C /* API.swift */; };
/* End PBXBuildFile section */

/* Begin PBXFileReference section */
		6165BD22AB186AE821F10EAF /* Pods_MediumTest.framework */ = {isa = PBXFileReference; explicitFileType = wrapper.framework; includeInIndex = 0; path = Pods_MediumTest.framework; sourceTree = BUILT_PRODUCTS_DIR; };
		934FF38987026DAFA63EB2F6 /* Pods-MediumTest.release.xcconfig */ = {isa = PBXFileReference; includeInIndex = 1; lastKnownFileType = text.xcconfig; name = "Pods-MediumTest.release.xcconfig"; path = "Target Support Files/Pods-MediumTest/Pods-MediumTest.release.xcconfig"; sourceTree = "<group>"; };
		DFD854E91BB791F0D7379C86 /* Pods-MediumTest.debug.xcconfig */ = {isa = PBXFileReference; includeInIndex = 1; lastKnownFileType = text.xcconfig; name = "Pods-MediumTest.debug.xcconfig"; path = "Target Support Files/Pods-MediumTest/Pods-MediumTest.debug.xcconfig"; sourceTree = "<group>"; };
		FC888233230FACFA008838AE /* SecondViewController.swift */ = {isa = PBXFileReference; lastKnownFileType = sourcecode.swift; path = SecondViewController.swift; sourceTree = "<group>"; };
		FC888235230FB3FF008838AE /* cell.swift */ = {isa = PBXFileReference; lastKnownFileType = sourcecode.swift; path = cell.swift; sourceTree = "<group>"; };
		FC888237230FBE83008838AE /* HotList.swift */ = {isa = PBXFileReference; lastKnownFileType = sourcecode.swift; path = HotList.swift; sourceTree = "<group>"; };
		FC888239230FCF00008838AE /* StorageManager.swift */ = {isa = PBXFileReference; lastKnownFileType = sourcecode.swift; path = StorageManager.swift; sourceTree = "<group>"; };
		FC88823C230FD0CD008838AE /* HotListData.xcdatamodel */ = {isa = PBXFileReference; lastKnownFileType = wrapper.xcdatamodel; path = HotListData.xcdatamodel; sourceTree = "<group>"; };
		FC9730F7230F763B00A0F75C /* MediumTest.app */ = {isa = PBXFileReference; explicitFileType = wrapper.application; includeInIndex = 0; path = MediumTest.app; sourceTree = BUILT_PRODUCTS_DIR; };
		FC9730FA230F763B00A0F75C /* AppDelegate.swift */ = {isa = PBXFileReference; lastKnownFileType = sourcecode.swift; path = AppDelegate.swift; sourceTree = "<group>"; };
		FC9730FC230F763B00A0F75C /* ViewController.swift */ = {isa = PBXFileReference; lastKnownFileType = sourcecode.swift; path = ViewController.swift; sourceTree = "<group>"; };
		FC9730FF230F763B00A0F75C /* Base */ = {isa = PBXFileReference; lastKnownFileType = file.storyboard; name = Base; path = Base.lproj/Main.storyboard; sourceTree = "<group>"; };
		FC973101230F763C00A0F75C /* Assets.xcassets */ = {isa = PBXFileReference; lastKnownFileType = folder.assetcatalog; path = Assets.xcassets; sourceTree = "<group>"; };
		FC973104230F763C00A0F75C /* Base */ = {isa = PBXFileReference; lastKnownFileType = file.storyboard; name = Base; path = Base.lproj/LaunchScreen.storyboard; sourceTree = "<group>"; };
		FC973106230F763C00A0F75C /* Info.plist */ = {isa = PBXFileReference; lastKnownFileType = text.plist.xml; path = Info.plist; sourceTree = "<group>"; };
		FC97310C230F774D00A0F75C /* API.swift */ = {isa = PBXFileReference; lastKnownFileType = sourcecode.swift; path = API.swift; sourceTree = "<group>"; };
/* End PBXFileReference section */

/* Begin PBXFrameworksBuildPhase section */
		FC9730F4230F763B00A0F75C /* Frameworks */ = {
			isa = PBXFrameworksBuildPhase;
			buildActionMask = 2147483647;
			files = (
				E486C31CC1755A3CABD14BCC /* Pods_MediumTest.framework in Frameworks */,
			);
			runOnlyForDeploymentPostprocessing = 0;
		};
/* End PBXFrameworksBuildPhase section */

/* Begin PBXGroup section */
		9E942818895FBCB31C572EF2 /* Pods */ = {
			isa = PBXGroup;
			children = (
				DFD854E91BB791F0D7379C86 /* Pods-MediumTest.debug.xcconfig */,
				934FF38987026DAFA63EB2F6 /* Pods-MediumTest.release.xcconfig */,
			);
			path = Pods;
			sourceTree = "<group>";
		};
		C73658C0A9B34B1FA9E8CAA8 /* Frameworks */ = {
			isa = PBXGroup;
			children = (
				6165BD22AB186AE821F10EAF /* Pods_MediumTest.framework */,
			);
			name = Frameworks;
			sourceTree = "<group>";
		};
		FC9730EE230F763B00A0F75C = {
			isa = PBXGroup;
			children = (
				FC9730F9230F763B00A0F75C /* MediumTest */,
				FC9730F8230F763B00A0F75C /* Products */,
				9E942818895FBCB31C572EF2 /* Pods */,
				C73658C0A9B34B1FA9E8CAA8 /* Frameworks */,
			);
			sourceTree = "<group>";
		};
		FC9730F8230F763B00A0F75C /* Products */ = {
			isa = PBXGroup;
			children = (
				FC9730F7230F763B00A0F75C /* MediumTest.app */,
			);
			name = Products;
			sourceTree = "<group>";
		};
		FC9730F9230F763B00A0F75C /* MediumTest */ = {
			isa = PBXGroup;
			children = (
				FC888233230FACFA008838AE /* SecondViewController.swift */,
				FC9730FA230F763B00A0F75C /* AppDelegate.swift */,
				FC9730FC230F763B00A0F75C /* ViewController.swift */,
				FC9730FE230F763B00A0F75C /* Main.storyboard */,
				FC973101230F763C00A0F75C /* Assets.xcassets */,
				FC973103230F763C00A0F75C /* LaunchScreen.storyboard */,
				FC973106230F763C00A0F75C /* Info.plist */,
				FC97310C230F774D00A0F75C /* API.swift */,
				FC888235230FB3FF008838AE /* cell.swift */,
				FC888237230FBE83008838AE /* HotList.swift */,
				FC888239230FCF00008838AE /* StorageManager.swift */,
				FC88823B230FD0CD008838AE /* HotListData.xcdatamodeld */,
			);
			path = MediumTest;
			sourceTree = "<group>";
		};
/* End PBXGroup section */

/* Begin PBXNativeTarget section */
		FC9730F6230F763B00A0F75C /* MediumTest */ = {
			isa = PBXNativeTarget;
			buildConfigurationList = FC973109230F763C00A0F75C /* Build configuration list for PBXNativeTarget "MediumTest" */;
			buildPhases = (
				F98033CBD477B784AC41C2C7 /* [CP] Check Pods Manifest.lock */,
				FC9730F3230F763B00A0F75C /* Sources */,
				FC9730F4230F763B00A0F75C /* Frameworks */,
				FC9730F5230F763B00A0F75C /* Resources */,
				8540937A8B7670DB154959F8 /* [CP] Embed Pods Frameworks */,
			);
			buildRules = (
			);
			dependencies = (
			);
			name = MediumTest;
			productName = MediumTest;
			productReference = FC9730F7230F763B00A0F75C /* MediumTest.app */;
			productType = "com.apple.product-type.application";
		};
/* End PBXNativeTarget section */

/* Begin PBXProject section */
		FC9730EF230F763B00A0F75C /* Project object */ = {
			isa = PBXProject;
			attributes = {
				LastSwiftUpdateCheck = 1030;
				LastUpgradeCheck = 1030;
				ORGANIZATIONNAME = Spark;
				TargetAttributes = {
					FC9730F6230F763B00A0F75C = {
						CreatedOnToolsVersion = 10.3;
					};
				};
			};
			buildConfigurationList = FC9730F2230F763B00A0F75C /* Build configuration list for PBXProject "MediumTest" */;
			compatibilityVersion = "Xcode 9.3";
			developmentRegion = en;
			hasScannedForEncodings = 0;
			knownRegions = (
				en,
				Base,
			);
			mainGroup = FC9730EE230F763B00A0F75C;
			productRefGroup = FC9730F8230F763B00A0F75C /* Products */;
			projectDirPath = "";
			projectRoot = "";
			targets = (
				FC9730F6230F763B00A0F75C /* MediumTest */,
			);
		};
/* End PBXProject section */

/* Begin PBXResourcesBuildPhase section */
		FC9730F5230F763B00A0F75C /* Resources */ = {
			isa = PBXResourcesBuildPhase;
			buildActionMask = 2147483647;
			files = (
				FC973105230F763C00A0F75C /* LaunchScreen.storyboard in Resources */,
				FC973102230F763C00A0F75C /* Assets.xcassets in Resources */,
				FC973100230F763B00A0F75C /* Main.storyboard in Resources */,
			);
			runOnlyForDeploymentPostprocessing = 0;
		};
/* End PBXResourcesBuildPhase section */

/* Begin PBXShellScriptBuildPhase section */
		8540937A8B7670DB154959F8 /* [CP] Embed Pods Frameworks */ = {
			isa = PBXShellScriptBuildPhase;
			buildActionMask = 2147483647;
			files = (
			);
			inputFileListPaths = (
				"${PODS_ROOT}/Target Support Files/Pods-MediumTest/Pods-MediumTest-frameworks-${CONFIGURATION}-input-files.xcfilelist",
			);
			name = "[CP] Embed Pods Frameworks";
			outputFileListPaths = (
				"${PODS_ROOT}/Target Support Files/Pods-MediumTest/Pods-MediumTest-frameworks-${CONFIGURATION}-output-files.xcfilelist",
			);
			runOnlyForDeploymentPostprocessing = 0;
			shellPath = /bin/sh;
			shellScript = "\"${PODS_ROOT}/Target Support Files/Pods-MediumTest/Pods-MediumTest-frameworks.sh\"\n";
			showEnvVarsInLog = 0;
		};
		F98033CBD477B784AC41C2C7 /* [CP] Check Pods Manifest.lock */ = {
			isa = PBXShellScriptBuildPhase;
			buildActionMask = 2147483647;
			files = (
			);
			inputFileListPaths = (
			);
			inputPaths = (
				"${PODS_PODFILE_DIR_PATH}/Podfile.lock",
				"${PODS_ROOT}/Manifest.lock",
			);
			name = "[CP] Check Pods Manifest.lock";
			outputFileListPaths = (
			);
			outputPaths = (
				"$(DERIVED_FILE_DIR)/Pods-MediumTest-checkManifestLockResult.txt",
			);
			runOnlyForDeploymentPostprocessing = 0;
			shellPath = /bin/sh;
			shellScript = "diff \"${PODS_PODFILE_DIR_PATH}/Podfile.lock\" \"${PODS_ROOT}/Manifest.lock\" > /dev/null\nif [ $? != 0 ] ; then\n    # print error to STDERR\n    echo \"error: The sandbox is not in sync with the Podfile.lock. Run 'pod install' or update your CocoaPods installation.\" >&2\n    exit 1\nfi\n# This output is used by Xcode 'outputs' to avoid re-running this script phase.\necho \"SUCCESS\" > \"${SCRIPT_OUTPUT_FILE_0}\"\n";
			showEnvVarsInLog = 0;
		};
/* End PBXShellScriptBuildPhase section */

/* Begin PBXSourcesBuildPhase section */
		FC9730F3230F763B00A0F75C /* Sources */ = {
			isa = PBXSourcesBuildPhase;
			buildActionMask = 2147483647;
			files = (
				FC9730FD230F763B00A0F75C /* ViewController.swift in Sources */,
				FC88823D230FD0CD008838AE /* HotListData.xcdatamodeld in Sources */,
				FC888238230FBE83008838AE /* HotList.swift in Sources */,
				FC888236230FB3FF008838AE /* cell.swift in Sources */,
				FC88823A230FCF00008838AE /* StorageManager.swift in Sources */,
				FC97310D230F774D00A0F75C /* API.swift in Sources */,
				FC888234230FACFA008838AE /* SecondViewController.swift in Sources */,
				FC9730FB230F763B00A0F75C /* AppDelegate.swift in Sources */,
			);
			runOnlyForDeploymentPostprocessing = 0;
		};
/* End PBXSourcesBuildPhase section */

/* Begin PBXVariantGroup section */
		FC9730FE230F763B00A0F75C /* Main.storyboard */ = {
			isa = PBXVariantGroup;
			children = (
				FC9730FF230F763B00A0F75C /* Base */,
			);
			name = Main.storyboard;
			sourceTree = "<group>";
		};
		FC973103230F763C00A0F75C /* LaunchScreen.storyboard */ = {
			isa = PBXVariantGroup;
			children = (
				FC973104230F763C00A0F75C /* Base */,
			);
			name = LaunchScreen.storyboard;
			sourceTree = "<group>";
		};
/* End PBXVariantGroup section */

/* Begin XCBuildConfiguration section */
		FC973107230F763C00A0F75C /* Debug */ = {
			isa = XCBuildConfiguration;
			buildSettings = {
				ALWAYS_SEARCH_USER_PATHS = NO;
				CLANG_ANALYZER_NONNULL = YES;
				CLANG_ANALYZER_NUMBER_OBJECT_CONVERSION = YES_AGGRESSIVE;
				CLANG_CXX_LANGUAGE_STANDARD = "gnu++14";
				CLANG_CXX_LIBRARY = "libc++";
				CLANG_ENABLE_MODULES = YES;
				CLANG_ENABLE_OBJC_ARC = YES;
				CLANG_ENABLE_OBJC_WEAK = YES;
				CLANG_WARN_BLOCK_CAPTURE_AUTORELEASING = YES;
				CLANG_WARN_BOOL_CONVERSION = YES;
				CLANG_WARN_COMMA = YES;
				CLANG_WARN_CONSTANT_CONVERSION = YES;
				CLANG_WARN_DEPRECATED_OBJC_IMPLEMENTATIONS = YES;
				CLANG_WARN_DIRECT_OBJC_ISA_USAGE = YES_ERROR;
				CLANG_WARN_DOCUMENTATION_COMMENTS = YES;
				CLANG_WARN_EMPTY_BODY = YES;
				CLANG_WARN_ENUM_CONVERSION = YES;
				CLANG_WARN_INFINITE_RECURSION = YES;
				CLANG_WARN_INT_CONVERSION = YES;
				CLANG_WARN_NON_LITERAL_NULL_CONVERSION = YES;
				CLANG_WARN_OBJC_IMPLICIT_RETAIN_SELF = YES;
				CLANG_WARN_OBJC_LITERAL_CONVERSION = YES;
				CLANG_WARN_OBJC_ROOT_CLASS = YES_ERROR;
				CLANG_WARN_RANGE_LOOP_ANALYSIS = YES;
				CLANG_WARN_STRICT_PROTOTYPES = YES;
				CLANG_WARN_SUSPICIOUS_MOVE = YES;
				CLANG_WARN_UNGUARDED_AVAILABILITY = YES_AGGRESSIVE;
				CLANG_WARN_UNREACHABLE_CODE = YES;
				CLANG_WARN__DUPLICATE_METHOD_MATCH = YES;
				CODE_SIGN_IDENTITY = "iPhone Developer";
				COPY_PHASE_STRIP = NO;
				DEBUG_INFORMATION_FORMAT = dwarf;
				ENABLE_STRICT_OBJC_MSGSEND = YES;
				ENABLE_TESTABILITY = YES;
				GCC_C_LANGUAGE_STANDARD = gnu11;
				GCC_DYNAMIC_NO_PIC = NO;
				GCC_NO_COMMON_BLOCKS = YES;
				GCC_OPTIMIZATION_LEVEL = 0;
				GCC_PREPROCESSOR_DEFINITIONS = (
					"DEBUG=1",
					"$(inherited)",
				);
				GCC_WARN_64_TO_32_BIT_CONVERSION = YES;
				GCC_WARN_ABOUT_RETURN_TYPE = YES_ERROR;
				GCC_WARN_UNDECLARED_SELECTOR = YES;
				GCC_WARN_UNINITIALIZED_AUTOS = YES_AGGRESSIVE;
				GCC_WARN_UNUSED_FUNCTION = YES;
				GCC_WARN_UNUSED_VARIABLE = YES;
				IPHONEOS_DEPLOYMENT_TARGET = 12.4;
				MTL_ENABLE_DEBUG_INFO = INCLUDE_SOURCE;
				MTL_FAST_MATH = YES;
				ONLY_ACTIVE_ARCH = YES;
				SDKROOT = iphoneos;
				SWIFT_ACTIVE_COMPILATION_CONDITIONS = DEBUG;
				SWIFT_OPTIMIZATION_LEVEL = "-Onone";
			};
			name = Debug;
		};
		FC973108230F763C00A0F75C /* Release */ = {
			isa = XCBuildConfiguration;
			buildSettings = {
				ALWAYS_SEARCH_USER_PATHS = NO;
				CLANG_ANALYZER_NONNULL = YES;
				CLANG_ANALYZER_NUMBER_OBJECT_CONVERSION = YES_AGGRESSIVE;
				CLANG_CXX_LANGUAGE_STANDARD = "gnu++14";
				CLANG_CXX_LIBRARY = "libc++";
				CLANG_ENABLE_MODULES = YES;
				CLANG_ENABLE_OBJC_ARC = YES;
				CLANG_ENABLE_OBJC_WEAK = YES;
				CLANG_WARN_BLOCK_CAPTURE_AUTORELEASING = YES;
				CLANG_WARN_BOOL_CONVERSION = YES;
				CLANG_WARN_COMMA = YES;
				CLANG_WARN_CONSTANT_CONVERSION = YES;
				CLANG_WARN_DEPRECATED_OBJC_IMPLEMENTATIONS = YES;
				CLANG_WARN_DIRECT_OBJC_ISA_USAGE = YES_ERROR;
				CLANG_WARN_DOCUMENTATION_COMMENTS = YES;
				CLANG_WARN_EMPTY_BODY = YES;
				CLANG_WARN_ENUM_CONVERSION = YES;
				CLANG_WARN_INFINITE_RECURSION = YES;
				CLANG_WARN_INT_CONVERSION = YES;
				CLANG_WARN_NON_LITERAL_NULL_CONVERSION = YES;
				CLANG_WARN_OBJC_IMPLICIT_RETAIN_SELF = YES;
				CLANG_WARN_OBJC_LITERAL_CONVERSION = YES;
				CLANG_WARN_OBJC_ROOT_CLASS = YES_ERROR;
				CLANG_WARN_RANGE_LOOP_ANALYSIS = YES;
				CLANG_WARN_STRICT_PROTOTYPES = YES;
				CLANG_WARN_SUSPICIOUS_MOVE = YES;
				CLANG_WARN_UNGUARDED_AVAILABILITY = YES_AGGRESSIVE;
				CLANG_WARN_UNREACHABLE_CODE = YES;
				CLANG_WARN__DUPLICATE_METHOD_MATCH = YES;
				CODE_SIGN_IDENTITY = "iPhone Developer";
				COPY_PHASE_STRIP = NO;
				DEBUG_INFORMATION_FORMAT = "dwarf-with-dsym";
				ENABLE_NS_ASSERTIONS = NO;
				ENABLE_STRICT_OBJC_MSGSEND = YES;
				GCC_C_LANGUAGE_STANDARD = gnu11;
				GCC_NO_COMMON_BLOCKS = YES;
				GCC_WARN_64_TO_32_BIT_CONVERSION = YES;
				GCC_WARN_ABOUT_RETURN_TYPE = YES_ERROR;
				GCC_WARN_UNDECLARED_SELECTOR = YES;
				GCC_WARN_UNINITIALIZED_AUTOS = YES_AGGRESSIVE;
				GCC_WARN_UNUSED_FUNCTION = YES;
				GCC_WARN_UNUSED_VARIABLE = YES;
				IPHONEOS_DEPLOYMENT_TARGET = 12.4;
				MTL_ENABLE_DEBUG_INFO = NO;
				MTL_FAST_MATH = YES;
				SDKROOT = iphoneos;
				SWIFT_COMPILATION_MODE = wholemodule;
				SWIFT_OPTIMIZATION_LEVEL = "-O";
				VALIDATE_PRODUCT = YES;
			};
			name = Release;
		};
		FC97310A230F763C00A0F75C /* Debug */ = {
			isa = XCBuildConfiguration;
			baseConfigurationReference = DFD854E91BB791F0D7379C86 /* Pods-MediumTest.debug.xcconfig */;
			buildSettings = {
				ASSETCATALOG_COMPILER_APPICON_NAME = AppIcon;
				CODE_SIGN_STYLE = Automatic;
				DEVELOPMENT_TEAM = 5A759RW77C;
				INFOPLIST_FILE = MediumTest/Info.plist;
				LD_RUNPATH_SEARCH_PATHS = (
					"$(inherited)",
					"@executable_path/Frameworks",
				);
				PRODUCT_BUNDLE_IDENTIFIER = com.Spark.MediumTest;
				PRODUCT_NAME = "$(TARGET_NAME)";
				SWIFT_VERSION = 5.0;
				TARGETED_DEVICE_FAMILY = "1,2";
			};
			name = Debug;
		};
		FC97310B230F763C00A0F75C /* Release */ = {
			isa = XCBuildConfiguration;
			baseConfigurationReference = 934FF38987026DAFA63EB2F6 /* Pods-MediumTest.release.xcconfig */;
			buildSettings = {
				ASSETCATALOG_COMPILER_APPICON_NAME = AppIcon;
				CODE_SIGN_STYLE = Automatic;
				DEVELOPMENT_TEAM = 5A759RW77C;
				INFOPLIST_FILE = MediumTest/Info.plist;
				LD_RUNPATH_SEARCH_PATHS = (
					"$(inherited)",
					"@executable_path/Frameworks",
				);
				PRODUCT_BUNDLE_IDENTIFIER = com.Spark.MediumTest;
				PRODUCT_NAME = "$(TARGET_NAME)";
				SWIFT_VERSION = 5.0;
				TARGETED_DEVICE_FAMILY = "1,2";
			};
			name = Release;
		};
/* End XCBuildConfiguration section */

/* Begin XCConfigurationList section */
		FC9730F2230F763B00A0F75C /* Build configuration list for PBXProject "MediumTest" */ = {
			isa = XCConfigurationList;
			buildConfigurations = (
				FC973107230F763C00A0F75C /* Debug */,
				FC973108230F763C00A0F75C /* Release */,
			);
			defaultConfigurationIsVisible = 0;
			defaultConfigurationName = Release;
		};
		FC973109230F763C00A0F75C /* Build configuration list for PBXNativeTarget "MediumTest" */ = {
			isa = XCConfigurationList;
			buildConfigurations = (
				FC97310A230F763C00A0F75C /* Debug */,
				FC97310B230F763C00A0F75C /* Release */,
			);
			defaultConfigurationIsVisible = 0;
			defaultConfigurationName = Release;
		};
/* End XCConfigurationList section */

/* Begin XCVersionGroup section */
		FC88823B230FD0CD008838AE /* HotListData.xcdatamodeld */ = {
			isa = XCVersionGroup;
			children = (
				FC88823C230FD0CD008838AE /* HotListData.xcdatamodel */,
			);
			currentVersion = FC88823C230FD0CD008838AE /* HotListData.xcdatamodel */;
			path = HotListData.xcdatamodeld;
			sourceTree = "<group>";
			versionGroupType = wrapper.xcdatamodel;
		};
/* End XCVersionGroup section */
	};
	rootObject = FC9730EF230F763B00A0F75C /* Project object */;
}
